{
  "version": 4,
  "terraform_version": "1.16.3",
  "serial": 4,
  "lineage": "10eb70d8-0c6f-e215-8e02-7d2a601223c6",
  "outputs": {
    "container_name": {
      "value": "dataops-pipeline-container",
      "type": "string"
    },
    "image_name": {
      "value": "dataops-pipeline",
      "type": "string"
    }
  },
  "resources": [
    {
      "mode": "managed",
      "type": "docker_image",
      "name": "pipeline",
      "provider": "provider[\"registry.terraform.io/kreuzwerker/docker\"]",
      "instances": [
        {
          "schema_version": 0,
          "attributes": {
            "build": [],
            "force_remove": null,
            "id": "sha256:b1b4b3e3b277bbc6f21cd38f76c2d43650affb917d35974205a2c37acc55c4f9dataops-pipeline",
            "image_id": "sha256:b1b4b3e3b277bbc6f21cd38f76c2d43650affb917d35974205a2c37acc55c4f9",
            "keep_locally": true,
            "name": "dataops-pipeline",
            "platform": null,
            "pull_triggers": null,
            "repo_digest": "dataops-pipeline@sha256:b1b4b3e3b277bbc6f21cd38f76c2d43650affb917d35974205a2c37acc55c4f9",
            "timeouts": null,
            "triggers": null
          },
          "sensitive_attributes": [],
          "identity_schema_version": 0,
          "private": "eyJlMmJmYjczMC1lY2FhLTExZTYtOGY4OC0zNDM2M2JjN2M0YzAiOnsiY3JlYXRlIjoxMjAwMDAwMDAwMDAwLCJkZWxldGUiOjEyMDAwMDAwMDAwMDAsInVwZGF0ZSI6MTIwMDAwMDAwMDAwMH19"
        }
      ]
    }
  ],
  "check_results": null
}
